{
  "version": 4,
  "terraform_version": "0.14.0",
  "serial": 2,
  "lineage": "984c4d5d-cb92-fc46-831c-811c80e4a268",
  "outputs": {},
  "resources": [
    {
      "mode": "managed",
      "type": "aws_elastic_beanstalk_application",
      "name": "logging-service",
      "provider": "provider[\"registry.terraform.io/hashicorp/aws\"]",
      "instances": [
        {
          "schema_version": 0,
          "attributes": {
            "appversion_lifecycle": [],
            "arn": "arn:aws:elasticbeanstalk:eu-central-1:652129918095:application/logging-service",
            "description": "Simple REST service to showcase loggin",
            "id": "logging-service",
            "name": "logging-service",
            "tags": null
          },
          "sensitive_attributes": [],
          "private": "bnVsbA=="
        }
      ]
    },
    {
      "mode": "managed",
      "type": "aws_elastic_beanstalk_environment",
      "name": "logging-environment",
      "provider": "provider[\"registry.terraform.io/hashicorp/aws\"]",
      "instances": [
        {
          "status": "tainted",
          "schema_version": 1,
          "attributes": {
            "all_settings": [],
            "application": "logging-service",
            "arn": null,
            "autoscaling_groups": null,
            "cname": null,
            "cname_prefix": null,
            "description": null,
            "endpoint_url": null,
            "id": "e-2wbbuxerky",
            "instances": null,
            "launch_configurations": null,
            "load_balancers": null,
            "name": "logging-environment",
            "platform_arn": null,
            "poll_interval": null,
            "queues": null,
            "setting": [],
            "solution_stack_name": "64bit Amazon Linux 2 v3.1.3 running Corretto 8",
            "tags": null,
            "template_name": null,
            "tier": "WebServer",
            "triggers": null,
            "version_label": null,
            "wait_for_ready_timeout": "20m"
          },
          "sensitive_attributes": [],
          "private": "eyJzY2hlbWFfdmVyc2lvbiI6IjEifQ==",
          "dependencies": [
            "aws_elastic_beanstalk_application.logging-service"
          ]
        }
      ]
    }
  ]
}
